// !$*UTF8*$!
{
	archiveVersion = 1;
	classes = {
	};
	objectVersion = 77;
	objects = {

/* Begin PBXBuildFile section */
		6B6CEACD2E73AA74003192DD /* Speech_Keyboard.appex in Embed Foundation Extensions */ = {isa = PBXBuildFile; fileRef = 6B6CEAC62E73AA74003192DD /* Speech_Keyboard.appex */; settings = {ATTRIBUTES = (RemoveHeadersOnCopy, ); }; };
/* End PBXBuildFile section */

/* Begin PBXContainerItemProxy section */
		6B6CEAA62E73A2A7003192DD /* PBXContainerItemProxy */ = {
			isa = PBXContainerItemProxy;
			containerPortal = 6B6CEA8D2E73A2A2003192DD /* Project object */;
			proxyType = 1;
			remoteGlobalIDString = 6B6CEA942E73A2A2003192DD;
			remoteInfo = Frontend_Speech_Keyboard;
		};
		6B6CEAB02E73A2A7003192DD /* PBXContainerItemProxy */ = {
			isa = PBXContainerItemProxy;
			containerPortal = 6B6CEA8D2E73A2A2003192DD /* Project object */;
			proxyType = 1;
			remoteGlobalIDString = 6B6CEA942E73A2A2003192DD;
			remoteInfo = Frontend_Speech_Keyboard;
		};
		6B6CEACB2E73AA74003192DD /* PBXContainerItemProxy */ = {
			isa = PBXContainerItemProxy;
			containerPortal = 6B6CEA8D2E73A2A2003192DD /* Project object */;
			proxyType = 1;
			remoteGlobalIDString = 6B6CEAC52E73AA74003192DD;
			remoteInfo = Speech_Keyboard;
		};
/* End PBXContainerItemProxy section */

/* Begin PBXCopyFilesBuildPhase section */
		6B6CEAD22E73AA74003192DD /* Embed Foundation Extensions */ = {
			isa = PBXCopyFilesBuildPhase;
			buildActionMask = 2147483647;
			dstPath = "";
			dstSubfolderSpec = 13;
			files = (
				6B6CEACD2E73AA74003192DD /* Speech_Keyboard.appex in Embed Foundation Extensions */,
			);
			name = "Embed Foundation Extensions";
			runOnlyForDeploymentPostprocessing = 0;
		};
/* End PBXCopyFilesBuildPhase section */

/* Begin PBXFileReference section */
		6B6CEA952E73A2A2003192DD /* Frontend_Speech_Keyboard.app */ = {isa = PBXFileReference; explicitFileType = wrapper.application; includeInIndex = 0; path = Frontend_Speech_Keyboard.app; sourceTree = BUILT_PRODUCTS_DIR; };
		6B6CEAA52E73A2A7003192DD /* Frontend_Speech_KeyboardTests.xctest */ = {isa = PBXFileReference; explicitFileType = wrapper.cfbundle; includeInIndex = 0; path = Frontend_Speech_KeyboardTests.xctest; sourceTree = BUILT_PRODUCTS_DIR; };
		6B6CEAAF2E73A2A7003192DD /* Frontend_Speech_KeyboardUITests.xctest */ = {isa = PBXFileReference; explicitFileType = wrapper.cfbundle; includeInIndex = 0; path = Frontend_Speech_KeyboardUITests.xctest; sourceTree = BUILT_PRODUCTS_DIR; };
		6B6CEAC62E73AA74003192DD /* Speech_Keyboard.appex */ = {isa = PBXFileReference; explicitFileType = "wrapper.app-extension"; includeInIndex = 0; path = Speech_Keyboard.appex; sourceTree = BUILT_PRODUCTS_DIR; };
/* End PBXFileReference section */

/* Begin PBXFileSystemSynchronizedBuildFileExceptionSet section */
		6B6CEACE2E73AA74003192DD /* Exceptions for "Speech_Keyboard" folder in "Speech_Keyboard" target */ = {
			isa = PBXFileSystemSynchronizedBuildFileExceptionSet;
			membershipExceptions = (
				Info.plist,
			);
			target = 6B6CEAC52E73AA74003192DD /* Speech_Keyboard */;
		};
/* End PBXFileSystemSynchronizedBuildFileExceptionSet section */

/* Begin PBXFileSystemSynchronizedRootGroup section */
		6B6CEA972E73A2A2003192DD /* Frontend_Speech_Keyboard */ = {
			isa = PBXFileSystemSynchronizedRootGroup;
			path = Frontend_Speech_Keyboard;
			sourceTree = "<group>";
		};
		6B6CEAA82E73A2A7003192DD /* Frontend_Speech_KeyboardTests */ = {
			isa = PBXFileSystemSynchronizedRootGroup;
			path = Frontend_Speech_KeyboardTests;
			sourceTree = "<group>";
		};
		6B6CEAB22E73A2A7003192DD /* Frontend_Speech_KeyboardUITests */ = {
			isa = PBXFileSystemSynchronizedRootGroup;
			path = Frontend_Speech_KeyboardUITests;
			sourceTree = "<group>";
		};
		6B6CEAC72E73AA74003192DD /* Speech_Keyboard */ = {
			isa = PBXFileSystemSynchronizedRootGroup;
			exceptions = (
				6B6CEACE2E73AA74003192DD /* Exceptions for "Speech_Keyboard" folder in "Speech_Keyboard" target */,
			);
			path = Speech_Keyboard;
			sourceTree = "<group>";
		};
/* End PBXFileSystemSynchronizedRootGroup section */

/* Begin PBXFrameworksBuildPhase section */
		6B6CEA922E73A2A2003192DD /* Frameworks */ = {
			isa = PBXFrameworksBuildPhase;
			buildActionMask = 2147483647;
			files = (
			);
			runOnlyForDeploymentPostprocessing = 0;
		};
		6B6CEAA22E73A2A7003192DD /* Frameworks */ = {
			isa = PBXFrameworksBuildPhase;
			buildActionMask = 2147483647;
			files = (
			);
			runOnlyForDeploymentPostprocessing = 0;
		};
		6B6CEAAC2E73A2A7003192DD /* Frameworks */ = {
			isa = PBXFrameworksBuildPhase;
			buildActionMask = 2147483647;
			files = (
			);
			runOnlyForDeploymentPostprocessing = 0;
		};
		6B6CEAC32E73AA74003192DD /* Frameworks */ = {
			isa = PBXFrameworksBuildPhase;
			buildActionMask = 2147483647;
			files = (
			);
			runOnlyForDeploymentPostprocessing = 0;
		};
/* End PBXFrameworksBuildPhase section */

/* Begin PBXGroup section */
		6B6CEA8C2E73A2A2003192DD = {
			isa = PBXGroup;
			children = (
				6B6CEA972E73A2A2003192DD /* Frontend_Speech_Keyboard */,
				6B6CEAA82E73A2A7003192DD /* Frontend_Speech_KeyboardTests */,
				6B6CEAB22E73A2A7003192DD /* Frontend_Speech_KeyboardUITests */,
				6B6CEAC72E73AA74003192DD /* Speech_Keyboard */,
				6B6CEA962E73A2A2003192DD /* Products */,
			);
			sourceTree = "<group>";
		};
		6B6CEA962E73A2A2003192DD /* Products */ = {
			isa = PBXGroup;
			children = (
				6B6CEA952E73A2A2003192DD /* Frontend_Speech_Keyboard.app */,
				6B6CEAA52E73A2A7003192DD /* Frontend_Speech_KeyboardTests.xctest */,
				6B6CEAAF2E73A2A7003192DD /* Frontend_Speech_KeyboardUITests.xctest */,
				6B6CEAC62E73AA74003192DD /* Speech_Keyboard.appex */,
			);
			name = Products;
			sourceTree = "<group>";
		};
/* End PBXGroup section */

/* Begin PBXNativeTarget section */
		6B6CEA942E73A2A2003192DD /* Frontend_Speech_Keyboard */ = {
			isa = PBXNativeTarget;
			buildConfigurationList = 6B6CEAB92E73A2A7003192DD /* Build configuration list for PBXNativeTarget "Frontend_Speech_Keyboard" */;
			buildPhases = (
				6B6CEA912E73A2A2003192DD /* Sources */,
				6B6CEA922E73A2A2003192DD /* Frameworks */,
				6B6CEA932E73A2A2003192DD /* Resources */,
				6B6CEAD22E73AA74003192DD /* Embed Foundation Extensions */,
			);
			buildRules = (
			);
			dependencies = (
				6B6CEACC2E73AA74003192DD /* PBXTargetDependency */,
			);
			fileSystemSynchronizedGroups = (
				6B6CEA972E73A2A2003192DD /* Frontend_Speech_Keyboard */,
			);
			name = Frontend_Speech_Keyboard;
			packageProductDependencies = (
			);
			productName = Frontend_Speech_Keyboard;
			productReference = 6B6CEA952E73A2A2003192DD /* Frontend_Speech_Keyboard.app */;
			productType = "com.apple.product-type.application";
		};
		6B6CEAA42E73A2A7003192DD /* Frontend_Speech_KeyboardTests */ = {
			isa = PBXNativeTarget;
			buildConfigurationList = 6B6CEABC2E73A2A7003192DD /* Build configuration list for PBXNativeTarget "Frontend_Speech_KeyboardTests" */;
			buildPhases = (
				6B6CEAA12E73A2A7003192DD /* Sources */,
				6B6CEAA22E73A2A7003192DD /* Frameworks */,
				6B6CEAA32E73A2A7003192DD /* Resources */,
			);
			buildRules = (
			);
			dependencies = (
				6B6CEAA72E73A2A7003192DD /* PBXTargetDependency */,
			);
			fileSystemSynchronizedGroups = (
				6B6CEAA82E73A2A7003192DD /* Frontend_Speech_KeyboardTests */,
			);
			name = Frontend_Speech_KeyboardTests;
			packageProductDependencies = (
			);
			productName = Frontend_Speech_KeyboardTests;
			productReference = 6B6CEAA52E73A2A7003192DD /* Frontend_Speech_KeyboardTests.xctest */;
			productType = "com.apple.product-type.bundle.unit-test";
		};
		6B6CEAAE2E73A2A7003192DD /* Frontend_Speech_KeyboardUITests */ = {
			isa = PBXNativeTarget;
			buildConfigurationList = 6B6CEABF2E73A2A7003192DD /* Build configuration list for PBXNativeTarget "Frontend_Speech_KeyboardUITests" */;
			buildPhases = (
				6B6CEAAB2E73A2A7003192DD /* Sources */,
				6B6CEAAC2E73A2A7003192DD /* Frameworks */,
				6B6CEAAD2E73A2A7003192DD /* Resources */,
			);
			buildRules = (
			);
			dependencies = (
				6B6CEAB12E73A2A7003192DD /* PBXTargetDependency */,
			);
			fileSystemSynchronizedGroups = (
				6B6CEAB22E73A2A7003192DD /* Frontend_Speech_KeyboardUITests */,
			);
			name = Frontend_Speech_KeyboardUITests;
			packageProductDependencies = (
			);
			productName = Frontend_Speech_KeyboardUITests;
			productReference = 6B6CEAAF2E73A2A7003192DD /* Frontend_Speech_KeyboardUITests.xctest */;
			productType = "com.apple.product-type.bundle.ui-testing";
		};
		6B6CEAC52E73AA74003192DD /* Speech_Keyboard */ = {
			isa = PBXNativeTarget;
			buildConfigurationList = 6B6CEACF2E73AA74003192DD /* Build configuration list for PBXNativeTarget "Speech_Keyboard" */;
			buildPhases = (
				6B6CEAC22E73AA74003192DD /* Sources */,
				6B6CEAC32E73AA74003192DD /* Frameworks */,
				6B6CEAC42E73AA74003192DD /* Resources */,
			);
			buildRules = (
			);
			dependencies = (
			);
			fileSystemSynchronizedGroups = (
				6B6CEAC72E73AA74003192DD /* Speech_Keyboard */,
			);
			name = Speech_Keyboard;
			packageProductDependencies = (
			);
			productName = Speech_Keyboard;
			productReference = 6B6CEAC62E73AA74003192DD /* Speech_Keyboard.appex */;
			productType = "com.apple.product-type.app-extension";
		};
/* End PBXNativeTarget section */

/* Begin PBXProject section */
		6B6CEA8D2E73A2A2003192DD /* Project object */ = {
			isa = PBXProject;
			attributes = {
				BuildIndependentTargetsInParallel = 1;
				LastSwiftUpdateCheck = 1620;
				LastUpgradeCheck = 1620;
				TargetAttributes = {
					6B6CEA942E73A2A2003192DD = {
						CreatedOnToolsVersion = 16.2;
					};
					6B6CEAA42E73A2A7003192DD = {
						CreatedOnToolsVersion = 16.2;
						TestTargetID = 6B6CEA942E73A2A2003192DD;
					};
					6B6CEAAE2E73A2A7003192DD = {
						CreatedOnToolsVersion = 16.2;
						TestTargetID = 6B6CEA942E73A2A2003192DD;
					};
					6B6CEAC52E73AA74003192DD = {
						CreatedOnToolsVersion = 16.2;
					};
				};
			};
			buildConfigurationList = 6B6CEA902E73A2A2003192DD /* Build configuration list for PBXProject "Frontend_Speech_Keyboard" */;
			developmentRegion = en;
			hasScannedForEncodings = 0;
			knownRegions = (
				en,
				Base,
			);
			mainGroup = 6B6CEA8C2E73A2A2003192DD;
			minimizedProjectReferenceProxies = 1;
			preferredProjectObjectVersion = 77;
			productRefGroup = 6B6CEA962E73A2A2003192DD /* Products */;
			projectDirPath = "";
			projectRoot = "";
			targets = (
				6B6CEA942E73A2A2003192DD /* Frontend_Speech_Keyboard */,
				6B6CEAA42E73A2A7003192DD /* Frontend_Speech_KeyboardTests */,
				6B6CEAAE2E73A2A7003192DD /* Frontend_Speech_KeyboardUITests */,
				6B6CEAC52E73AA74003192DD /* Speech_Keyboard */,
			);
		};
/* End PBXProject section */

/* Begin PBXResourcesBuildPhase section */
		6B6CEA932E73A2A2003192DD /* Resources */ = {
			isa = PBXResourcesBuildPhase;
			buildActionMask = 2147483647;
			files = (
			);
			runOnlyForDeploymentPostprocessing = 0;
		};
		6B6CEAA32E73A2A7003192DD /* Resources */ = {
			isa = PBXResourcesBuildPhase;
			buildActionMask = 2147483647;
			files = (
			);
			runOnlyForDeploymentPostprocessing = 0;
		};
		6B6CEAAD2E73A2A7003192DD /* Resources */ = {
			isa = PBXResourcesBuildPhase;
			buildActionMask = 2147483647;
			files = (
			);
			runOnlyForDeploymentPostprocessing = 0;
		};
		6B6CEAC42E73AA74003192DD /* Resources */ = {
			isa = PBXResourcesBuildPhase;
			buildActionMask = 2147483647;
			files = (
			);
			runOnlyForDeploymentPostprocessing = 0;
		};
/* End PBXResourcesBuildPhase section */

/* Begin PBXSourcesBuildPhase section */
		6B6CEA912E73A2A2003192DD /* Sources */ = {
			isa = PBXSourcesBuildPhase;
			buildActionMask = 2147483647;
			files = (
			);
			runOnlyForDeploymentPostprocessing = 0;
		};
		6B6CEAA12E73A2A7003192DD /* Sources */ = {
			isa = PBXSourcesBuildPhase;
			buildActionMask = 2147483647;
			files = (
			);
			runOnlyForDeploymentPostprocessing = 0;
		};
		6B6CEAAB2E73A2A7003192DD /* Sources */ = {
			isa = PBXSourcesBuildPhase;
			buildActionMask = 2147483647;
			files = (
			);
			runOnlyForDeploymentPostprocessing = 0;
		};
		6B6CEAC22E73AA74003192DD /* Sources */ = {
			isa = PBXSourcesBuildPhase;
			buildActionMask = 2147483647;
			files = (
			);
			runOnlyForDeploymentPostprocessing = 0;
		};
/* End PBXSourcesBuildPhase section */

/* Begin PBXTargetDependency section */
		6B6CEAA72E73A2A7003192DD /* PBXTargetDependency */ = {
			isa = PBXTargetDependency;
			target = 6B6CEA942E73A2A2003192DD /* Frontend_Speech_Keyboard */;
			targetProxy = 6B6CEAA62E73A2A7003192DD /* PBXContainerItemProxy */;
		};
		6B6CEAB12E73A2A7003192DD /* PBXTargetDependency */ = {
			isa = PBXTargetDependency;
			target = 6B6CEA942E73A2A2003192DD /* Frontend_Speech_Keyboard */;
			targetProxy = 6B6CEAB02E73A2A7003192DD /* PBXContainerItemProxy */;
		};
		6B6CEACC2E73AA74003192DD /* PBXTargetDependency */ = {
			isa = PBXTargetDependency;
			target = 6B6CEAC52E73AA74003192DD /* Speech_Keyboard */;
			targetProxy = 6B6CEACB2E73AA74003192DD /* PBXContainerItemProxy */;
		};
/* End PBXTargetDependency section */

/* Begin XCBuildConfiguration section */
		6B6CEAB72E73A2A7003192DD /* Debug */ = {
			isa = XCBuildConfiguration;
			buildSettings = {
				ALWAYS_SEARCH_USER_PATHS = NO;
				ASSETCATALOG_COMPILER_GENERATE_SWIFT_ASSET_SYMBOL_EXTENSIONS = YES;
				CLANG_ANALYZER_NONNULL = YES;
				CLANG_ANALYZER_NUMBER_OBJECT_CONVERSION = YES_AGGRESSIVE;
				CLANG_CXX_LANGUAGE_STANDARD = "gnu++20";
				CLANG_ENABLE_MODULES = YES;
				CLANG_ENABLE_OBJC_ARC = YES;
				CLANG_ENABLE_OBJC_WEAK = YES;
				CLANG_WARN_BLOCK_CAPTURE_AUTORELEASING = YES;
				CLANG_WARN_BOOL_CONVERSION = YES;
				CLANG_WARN_COMMA = YES;
				CLANG_WARN_CONSTANT_CONVERSION = YES;
				CLANG_WARN_DEPRECATED_OBJC_IMPLEMENTATIONS = YES;
				CLANG_WARN_DIRECT_OBJC_ISA_USAGE = YES_ERROR;
				CLANG_WARN_DOCUMENTATION_COMMENTS = YES;
				CLANG_WARN_EMPTY_BODY = YES;
				CLANG_WARN_ENUM_CONVERSION = YES;
				CLANG_WARN_INFINITE_RECURSION = YES;
				CLANG_WARN_INT_CONVERSION = YES;
				CLANG_WARN_NON_LITERAL_NULL_CONVERSION = YES;
				CLANG_WARN_OBJC_IMPLICIT_RETAIN_SELF = YES;
				CLANG_WARN_OBJC_LITERAL_CONVERSION = YES;
				CLANG_WARN_OBJC_ROOT_CLASS = YES_ERROR;
				CLANG_WARN_QUOTED_INCLUDE_IN_FRAMEWORK_HEADER = YES;
				CLANG_WARN_RANGE_LOOP_ANALYSIS = YES;
				CLANG_WARN_STRICT_PROTOTYPES = YES;
				CLANG_WARN_SUSPICIOUS_MOVE = YES;
				CLANG_WARN_UNGUARDED_AVAILABILITY = YES_AGGRESSIVE;
				CLANG_WARN_UNREACHABLE_CODE = YES;
				CLANG_WARN__DUPLICATE_METHOD_MATCH = YES;
				COPY_PHASE_STRIP = NO;
				DEBUG_INFORMATION_FORMAT = dwarf;
				ENABLE_STRICT_OBJC_MSGSEND = YES;
				ENABLE_TESTABILITY = YES;
				ENABLE_USER_SCRIPT_SANDBOXING = YES;
				GCC_C_LANGUAGE_STANDARD = gnu17;
				GCC_DYNAMIC_NO_PIC = NO;
				GCC_NO_COMMON_BLOCKS = YES;
				GCC_OPTIMIZATION_LEVEL = 0;
				GCC_PREPROCESSOR_DEFINITIONS = (
					"DEBUG=1",
					"$(inherited)",
				);
				GCC_WARN_64_TO_32_BIT_CONVERSION = YES;
				GCC_WARN_ABOUT_RETURN_TYPE = YES_ERROR;
				GCC_WARN_UNDECLARED_SELECTOR = YES;
				GCC_WARN_UNINITIALIZED_AUTOS = YES_AGGRESSIVE;
				GCC_WARN_UNUSED_FUNCTION = YES;
				GCC_WARN_UNUSED_VARIABLE = YES;
				IPHONEOS_DEPLOYMENT_TARGET = 18.2;
				LOCALIZATION_PREFERS_STRING_CATALOGS = YES;
				MTL_ENABLE_DEBUG_INFO = INCLUDE_SOURCE;
				MTL_FAST_MATH = YES;
				ONLY_ACTIVE_ARCH = YES;
				SDKROOT = iphoneos;
				SWIFT_ACTIVE_COMPILATION_CONDITIONS = "DEBUG $(inherited)";
				SWIFT_OPTIMIZATION_LEVEL = "-Onone";
			};
			name = Debug;
		};
		6B6CEAB82E73A2A7003192DD /* Release */ = {
			isa = XCBuildConfiguration;
			buildSettings = {
				ALWAYS_SEARCH_USER_PATHS = NO;
				ASSETCATALOG_COMPILER_GENERATE_SWIFT_ASSET_SYMBOL_EXTENSIONS = YES;
				CLANG_ANALYZER_NONNULL = YES;
				CLANG_ANALYZER_NUMBER_OBJECT_CONVERSION = YES_AGGRESSIVE;
				CLANG_CXX_LANGUAGE_STANDARD = "gnu++20";
				CLANG_ENABLE_MODULES = YES;
				CLANG_ENABLE_OBJC_ARC = YES;
				CLANG_ENABLE_OBJC_WEAK = YES;
				CLANG_WARN_BLOCK_CAPTURE_AUTORELEASING = YES;
				CLANG_WARN_BOOL_CONVERSION = YES;
				CLANG_WARN_COMMA = YES;
				CLANG_WARN_CONSTANT_CONVERSION = YES;
				CLANG_WARN_DEPRECATED_OBJC_IMPLEMENTATIONS = YES;
				CLANG_WARN_DIRECT_OBJC_ISA_USAGE = YES_ERROR;
				CLANG_WARN_DOCUMENTATION_COMMENTS = YES;
				CLANG_WARN_EMPTY_BODY = YES;
				CLANG_WARN_ENUM_CONVERSION = YES;
				CLANG_WARN_INFINITE_RECURSION = YES;
				CLANG_WARN_INT_CONVERSION = YES;
				CLANG_WARN_NON_LITERAL_NULL_CONVERSION = YES;
				CLANG_WARN_OBJC_IMPLICIT_RETAIN_SELF = YES;
				CLANG_WARN_OBJC_LITERAL_CONVERSION = YES;
				CLANG_WARN_OBJC_ROOT_CLASS = YES_ERROR;
				CLANG_WARN_QUOTED_INCLUDE_IN_FRAMEWORK_HEADER = YES;
				CLANG_WARN_RANGE_LOOP_ANALYSIS = YES;
				CLANG_WARN_STRICT_PROTOTYPES = YES;
				CLANG_WARN_SUSPICIOUS_MOVE = YES;
				CLANG_WARN_UNGUARDED_AVAILABILITY = YES_AGGRESSIVE;
				CLANG_WARN_UNREACHABLE_CODE = YES;
				CLANG_WARN__DUPLICATE_METHOD_MATCH = YES;
				COPY_PHASE_STRIP = NO;
				DEBUG_INFORMATION_FORMAT = "dwarf-with-dsym";
				ENABLE_NS_ASSERTIONS = NO;
				ENABLE_STRICT_OBJC_MSGSEND = YES;
				ENABLE_USER_SCRIPT_SANDBOXING = YES;
				GCC_C_LANGUAGE_STANDARD = gnu17;
				GCC_NO_COMMON_BLOCKS = YES;
				GCC_WARN_64_TO_32_BIT_CONVERSION = YES;
				GCC_WARN_ABOUT_RETURN_TYPE = YES_ERROR;
				GCC_WARN_UNDECLARED_SELECTOR = YES;
				GCC_WARN_UNINITIALIZED_AUTOS = YES_AGGRESSIVE;
				GCC_WARN_UNUSED_FUNCTION = YES;
				GCC_WARN_UNUSED_VARIABLE = YES;
				IPHONEOS_DEPLOYMENT_TARGET = 18.2;
				LOCALIZATION_PREFERS_STRING_CATALOGS = YES;
				MTL_ENABLE_DEBUG_INFO = NO;
				MTL_FAST_MATH = YES;
				SDKROOT = iphoneos;
				SWIFT_COMPILATION_MODE = wholemodule;
				VALIDATE_PRODUCT = YES;
			};
			name = Release;
		};
		6B6CEABA2E73A2A7003192DD /* Debug */ = {
			isa = XCBuildConfiguration;
			buildSettings = {
				ASSETCATALOG_COMPILER_APPICON_NAME = AppIcon;
				ASSETCATALOG_COMPILER_GLOBAL_ACCENT_COLOR_NAME = AccentColor;
				CODE_SIGN_ENTITLEMENTS = Frontend_Speech_Keyboard/Frontend_Speech_Keyboard.entitlements;
				CODE_SIGN_STYLE = Automatic;
				CURRENT_PROJECT_VERSION = 1;
				DEVELOPMENT_ASSET_PATHS = "\"Frontend_Speech_Keyboard/Preview Content\"";
				DEVELOPMENT_TEAM = JT9M2289FM;
				ENABLE_PREVIEWS = YES;
				GENERATE_INFOPLIST_FILE = YES;
				INFOPLIST_FILE = "Frontend-Speech-Keyboard-Info.plist";
				INFOPLIST_KEY_LSApplicationCategoryType = "";
				INFOPLIST_KEY_NSMicrophoneUsageDescription = "This app needs microphone access to record your voice for speech-to-text conversion.";
				INFOPLIST_KEY_UIApplicationSceneManifest_Generation = YES;
				INFOPLIST_KEY_UIApplicationSupportsIndirectInputEvents = YES;
				INFOPLIST_KEY_UILaunchScreen_Generation = YES;
				INFOPLIST_KEY_UISupportedInterfaceOrientations_iPad = "UIInterfaceOrientationPortrait UIInterfaceOrientationPortraitUpsideDown UIInterfaceOrientationLandscapeLeft UIInterfaceOrientationLandscapeRight";
				INFOPLIST_KEY_UISupportedInterfaceOrientations_iPhone = "UIInterfaceOrientationPortrait UIInterfaceOrientationLandscapeLeft UIInterfaceOrientationLandscapeRight";
				LD_RUNPATH_SEARCH_PATHS = (
					"$(inherited)",
					"@executable_path/Frameworks",
				);
				MARKETING_VERSION = 1.0;
				PRODUCT_BUNDLE_IDENTIFIER = "geniusinnovation.Frontend-Speech-Keyboard";
				PRODUCT_NAME = "$(TARGET_NAME)";
				SWIFT_EMIT_LOC_STRINGS = YES;
				SWIFT_VERSION = 5.0;
				TARGETED_DEVICE_FAMILY = "1,2";
			};
			name = Debug;
		};
		6B6CEABB2E73A2A7003192DD /* Release */ = {
			isa = XCBuildConfiguration;
			buildSettings = {
				ASSETCATALOG_COMPILER_APPICON_NAME = AppIcon;
				ASSETCATALOG_COMPILER_GLOBAL_ACCENT_COLOR_NAME = AccentColor;
				CODE_SIGN_ENTITLEMENTS = Frontend_Speech_Keyboard/Frontend_Speech_Keyboard.entitlements;
				CODE_SIGN_STYLE = Automatic;
				CURRENT_PROJECT_VERSION = 1;
				DEVELOPMENT_ASSET_PATHS = "\"Frontend_Speech_Keyboard/Preview Content\"";
				DEVELOPMENT_TEAM = JT9M2289FM;
				ENABLE_PREVIEWS = YES;
				GENERATE_INFOPLIST_FILE = YES;
				INFOPLIST_FILE = "Frontend-Speech-Keyboard-Info.plist";
				INFOPLIST_KEY_LSApplicationCategoryType = "";
				INFOPLIST_KEY_NSMicrophoneUsageDescription = "This app needs microphone access to record your voice for speech-to-text conversion.";
				INFOPLIST_KEY_UIApplicationSceneManifest_Generation = YES;
				INFOPLIST_KEY_UIApplicationSupportsIndirectInputEvents = YES;
				INFOPLIST_KEY_UILaunchScreen_Generation = YES;
				INFOPLIST_KEY_UISupportedInterfaceOrientations_iPad = "UIInterfaceOrientationPortrait UIInterfaceOrientationPortraitUpsideDown UIInterfaceOrientationLandscapeLeft UIInterfaceOrientationLandscapeRight";
				INFOPLIST_KEY_UISupportedInterfaceOrientations_iPhone = "UIInterfaceOrientationPortrait UIInterfaceOrientationLandscapeLeft UIInterfaceOrientationLandscapeRight";
				LD_RUNPATH_SEARCH_PATHS = (
					"$(inherited)",
					"@executable_path/Frameworks",
				);
				MARKETING_VERSION = 1.0;
				PRODUCT_BUNDLE_IDENTIFIER = "geniusinnovation.Frontend-Speech-Keyboard";
				PRODUCT_NAME = "$(TARGET_NAME)";
				SWIFT_EMIT_LOC_STRINGS = YES;
				SWIFT_VERSION = 5.0;
				TARGETED_DEVICE_FAMILY = "1,2";
			};
			name = Release;
		};
		6B6CEABD2E73A2A7003192DD /* Debug */ = {
			isa = XCBuildConfiguration;
			buildSettings = {
				BUNDLE_LOADER = "$(TEST_HOST)";
				CODE_SIGN_STYLE = Automatic;
				CURRENT_PROJECT_VERSION = 1;
				GENERATE_INFOPLIST_FILE = YES;
				IPHONEOS_DEPLOYMENT_TARGET = 18.2;
				MARKETING_VERSION = 1.0;
				PRODUCT_BUNDLE_IDENTIFIER = "geniusinnovation.Frontend-Speech-KeyboardTests";
				PRODUCT_NAME = "$(TARGET_NAME)";
				SWIFT_EMIT_LOC_STRINGS = NO;
				SWIFT_VERSION = 5.0;
				TARGETED_DEVICE_FAMILY = "1,2";
				TEST_HOST = "$(BUILT_PRODUCTS_DIR)/Frontend_Speech_Keyboard.app/$(BUNDLE_EXECUTABLE_FOLDER_PATH)/Frontend_Speech_Keyboard";
			};
			name = Debug;
		};
		6B6CEABE2E73A2A7003192DD /* Release */ = {
			isa = XCBuildConfiguration;
			buildSettings = {
				BUNDLE_LOADER = "$(TEST_HOST)";
				CODE_SIGN_STYLE = Automatic;
				CURRENT_PROJECT_VERSION = 1;
				GENERATE_INFOPLIST_FILE = YES;
				IPHONEOS_DEPLOYMENT_TARGET = 18.2;
				MARKETING_VERSION = 1.0;
				PRODUCT_BUNDLE_IDENTIFIER = "geniusinnovation.Frontend-Speech-KeyboardTests";
				PRODUCT_NAME = "$(TARGET_NAME)";
				SWIFT_EMIT_LOC_STRINGS = NO;
				SWIFT_VERSION = 5.0;
				TARGETED_DEVICE_FAMILY = "1,2";
				TEST_HOST = "$(BUILT_PRODUCTS_DIR)/Frontend_Speech_Keyboard.app/$(BUNDLE_EXECUTABLE_FOLDER_PATH)/Frontend_Speech_Keyboard";
			};
			name = Release;
		};
		6B6CEAC02E73A2A7003192DD /* Debug */ = {
			isa = XCBuildConfiguration;
			buildSettings = {
				CODE_SIGN_STYLE = Automatic;
				CURRENT_PROJECT_VERSION = 1;
				GENERATE_INFOPLIST_FILE = YES;
				MARKETING_VERSION = 1.0;
				PRODUCT_BUNDLE_IDENTIFIER = "geniusinnovation.Frontend-Speech-KeyboardUITests";
				PRODUCT_NAME = "$(TARGET_NAME)";
				SWIFT_EMIT_LOC_STRINGS = NO;
				SWIFT_VERSION = 5.0;
				TARGETED_DEVICE_FAMILY = "1,2";
				TEST_TARGET_NAME = Frontend_Speech_Keyboard;
			};
			name = Debug;
		};
		6B6CEAC12E73A2A7003192DD /* Release */ = {
			isa = XCBuildConfiguration;
			buildSettings = {
				CODE_SIGN_STYLE = Automatic;
				CURRENT_PROJECT_VERSION = 1;
				GENERATE_INFOPLIST_FILE = YES;
				MARKETING_VERSION = 1.0;
				PRODUCT_BUNDLE_IDENTIFIER = "geniusinnovation.Frontend-Speech-KeyboardUITests";
				PRODUCT_NAME = "$(TARGET_NAME)";
				SWIFT_EMIT_LOC_STRINGS = NO;
				SWIFT_VERSION = 5.0;
				TARGETED_DEVICE_FAMILY = "1,2";
				TEST_TARGET_NAME = Frontend_Speech_Keyboard;
			};
			name = Release;
		};
		6B6CEAD02E73AA74003192DD /* Debug */ = {
			isa = XCBuildConfiguration;
			buildSettings = {
				CODE_SIGN_ENTITLEMENTS = Speech_Keyboard/Speech_Keyboard.entitlements;
				CODE_SIGN_STYLE = Automatic;
				CURRENT_PROJECT_VERSION = 1;
				DEVELOPMENT_TEAM = JT9M2289FM;
				GENERATE_INFOPLIST_FILE = YES;
				INFOPLIST_FILE = Speech_Keyboard/Info.plist;
				INFOPLIST_KEY_CFBundleDisplayName = Speech_Keyboard;
				INFOPLIST_KEY_NSHumanReadableCopyright = "";
				LD_RUNPATH_SEARCH_PATHS = (
					"$(inherited)",
					"@executable_path/Frameworks",
					"@executable_path/../../Frameworks",
				);
				MARKETING_VERSION = 1.0;
				PRODUCT_BUNDLE_IDENTIFIER = "geniusinnovation.Frontend-Speech-Keyboard.Speech-Keyboard";
				PRODUCT_NAME = "$(TARGET_NAME)";
				SKIP_INSTALL = YES;
				SWIFT_EMIT_LOC_STRINGS = YES;
				SWIFT_VERSION = 5.0;
				TARGETED_DEVICE_FAMILY = "1,2";
			};
			name = Debug;
		};
		6B6CEAD12E73AA74003192DD /* Release */ = {
			isa = XCBuildConfiguration;
			buildSettings = {
				CODE_SIGN_ENTITLEMENTS = Speech_Keyboard/Speech_Keyboard.entitlements;
				CODE_SIGN_STYLE = Automatic;
				CURRENT_PROJECT_VERSION = 1;
				DEVELOPMENT_TEAM = JT9M2289FM;
				GENERATE_INFOPLIST_FILE = YES;
				INFOPLIST_FILE = Speech_Keyboard/Info.plist;
				INFOPLIST_KEY_CFBundleDisplayName = Speech_Keyboard;
				INFOPLIST_KEY_NSHumanReadableCopyright = "";
				LD_RUNPATH_SEARCH_PATHS = (
					"$(inherited)",
					"@executable_path/Frameworks",
					"@executable_path/../../Frameworks",
				);
				MARKETING_VERSION = 1.0;
				PRODUCT_BUNDLE_IDENTIFIER = "geniusinnovation.Frontend-Speech-Keyboard.Speech-Keyboard";
				PRODUCT_NAME = "$(TARGET_NAME)";
				SKIP_INSTALL = YES;
				SWIFT_EMIT_LOC_STRINGS = YES;
				SWIFT_VERSION = 5.0;
				TARGETED_DEVICE_FAMILY = "1,2";
			};
			name = Release;
		};
/* End XCBuildConfiguration section */

/* Begin XCConfigurationList section */
		6B6CEA902E73A2A2003192DD /* Build configuration list for PBXProject "Frontend_Speech_Keyboard" */ = {
			isa = XCConfigurationList;
			buildConfigurations = (
				6B6CEAB72E73A2A7003192DD /* Debug */,
				6B6CEAB82E73A2A7003192DD /* Release */,
			);
			defaultConfigurationIsVisible = 0;
			defaultConfigurationName = Release;
		};
		6B6CEAB92E73A2A7003192DD /* Build configuration list for PBXNativeTarget "Frontend_Speech_Keyboard" */ = {
			isa = XCConfigurationList;
			buildConfigurations = (
				6B6CEABA2E73A2A7003192DD /* Debug */,
				6B6CEABB2E73A2A7003192DD /* Release */,
			);
			defaultConfigurationIsVisible = 0;
			defaultConfigurationName = Release;
		};
		6B6CEABC2E73A2A7003192DD /* Build configuration list for PBXNativeTarget "Frontend_Speech_KeyboardTests" */ = {
			isa = XCConfigurationList;
			buildConfigurations = (
				6B6CEABD2E73A2A7003192DD /* Debug */,
				6B6CEABE2E73A2A7003192DD /* Release */,
			);
			defaultConfigurationIsVisible = 0;
			defaultConfigurationName = Release;
		};
		6B6CEABF2E73A2A7003192DD /* Build configuration list for PBXNativeTarget "Frontend_Speech_KeyboardUITests" */ = {
			isa = XCConfigurationList;
			buildConfigurations = (
				6B6CEAC02E73A2A7003192DD /* Debug */,
				6B6CEAC12E73A2A7003192DD /* Release */,
			);
			defaultConfigurationIsVisible = 0;
			defaultConfigurationName = Release;
		};
		6B6CEACF2E73AA74003192DD /* Build configuration list for PBXNativeTarget "Speech_Keyboard" */ = {
			isa = XCConfigurationList;
			buildConfigurations = (
				6B6CEAD02E73AA74003192DD /* Debug */,
				6B6CEAD12E73AA74003192DD /* Release */,
			);
			defaultConfigurationIsVisible = 0;
			defaultConfigurationName = Release;
		};
/* End XCConfigurationList section */
	};
	rootObject = 6B6CEA8D2E73A2A2003192DD /* Project object */;
}
